
Microsoft Visual Studio Solution File, Format Version 12.00
# Visual Studio Version 17
VisualStudioVersion = 17.5.33424.131
MinimumVisualStudioVersion = 10.0.40219.1
Project("{9A19103F-16F7-4668-BE54-9A1E7A4F7556}") = "MoricApps.EPlatform.Api", "MoricApps.EPlatform.Api\MoricApps.EPlatform.Api.csproj", "{F47E8606-8606-416D-8D53-913ED337E7D8}"
EndProject
Project("{9A19103F-16F7-4668-BE54-9A1E7A4F7556}") = "MoricApps.EPlatform.Domain", "MoricApps.EPlatform.Domain\MoricApps.EPlatform.Domain.csproj", "{310E6411-9BF1-4C67-B7B0-B9992A525295}"
EndProject
Project("{9A19103F-16F7-4668-BE54-9A1E7A4F7556}") = "MoricApps.EPlatform.Application", "MoricApps.EPlatform.Application\MoricApps.EPlatform.Application.csproj", "{CF061807-5DA0-44CE-A60B-7A265DB92708}"
EndProject
Project("{9A19103F-16F7-4668-BE54-9A1E7A4F7556}") = "MoricApps.EPlatform.Contexts", "MoricApps.EPlatform.Contexts\MoricApps.EPlatform.Contexts.csproj", "{94CC6FC5-E6E7-4FFB-9E92-EB7FA2C927A6}"
EndProject
Project("{FAE04EC0-301F-11D3-BF4B-00C04F79EFBC}") = "MoricApps.EPlatform.Dtos", "MoricApps.EPlatform.Dtos\MoricApps.EPlatform.Dtos.csproj", "{071D2FE5-9A18-4A62-8B48-476853E61B6F}"
EndProject
Global
	GlobalSection(SolutionConfigurationPlatforms) = preSolution
		Debug|Any CPU = Debug|Any CPU
		Release|Any CPU = Release|Any CPU
	EndGlobalSection
	GlobalSection(ProjectConfigurationPlatforms) = postSolution
		{F47E8606-8606-416D-8D53-913ED337E7D8}.Debug|Any CPU.ActiveCfg = Debug|Any CPU
		{F47E8606-8606-416D-8D53-913ED337E7D8}.Debug|Any CPU.Build.0 = Debug|Any CPU
		{F47E8606-8606-416D-8D53-913ED337E7D8}.Release|Any CPU.ActiveCfg = Release|Any CPU
		{F47E8606-8606-416D-8D53-913ED337E7D8}.Release|Any CPU.Build.0 = Release|Any CPU
		{310E6411-9BF1-4C67-B7B0-B9992A525295}.Debug|Any CPU.ActiveCfg = Debug|Any CPU
		{310E6411-9BF1-4C67-B7B0-B9992A525295}.Debug|Any CPU.Build.0 = Debug|Any CPU
		{310E6411-9BF1-4C67-B7B0-B9992A525295}.Release|Any CPU.ActiveCfg = Release|Any CPU
		{310E6411-9BF1-4C67-B7B0-B9992A525295}.Release|Any CPU.Build.0 = Release|Any CPU
		{CF061807-5DA0-44CE-A60B-7A265DB92708}.Debug|Any CPU.ActiveCfg = Debug|Any CPU
		{CF061807-5DA0-44CE-A60B-7A265DB92708}.Debug|Any CPU.Build.0 = Debug|Any CPU
		{CF061807-5DA0-44CE-A60B-7A265DB92708}.Release|Any CPU.ActiveCfg = Release|Any CPU
		{CF061807-5DA0-44CE-A60B-7A265DB92708}.Release|Any CPU.Build.0 = Release|Any CPU
		{94CC6FC5-E6E7-4FFB-9E92-EB7FA2C927A6}.Debug|Any CPU.ActiveCfg = Debug|Any CPU
		{94CC6FC5-E6E7-4FFB-9E92-EB7FA2C927A6}.Debug|Any CPU.Build.0 = Debug|Any CPU
		{94CC6FC5-E6E7-4FFB-9E92-EB7FA2C927A6}.Release|Any CPU.ActiveCfg = Release|Any CPU
		{94CC6FC5-E6E7-4FFB-9E92-EB7FA2C927A6}.Release|Any CPU.Build.0 = Release|Any CPU
		{071D2FE5-9A18-4A62-8B48-476853E61B6F}.Debug|Any CPU.ActiveCfg = Debug|Any CPU
		{071D2FE5-9A18-4A62-8B48-476853E61B6F}.Debug|Any CPU.Build.0 = Debug|Any CPU
		{071D2FE5-9A18-4A62-8B48-476853E61B6F}.Release|Any CPU.ActiveCfg = Release|Any CPU
		{071D2FE5-9A18-4A62-8B48-476853E61B6F}.Release|Any CPU.Build.0 = Release|Any CPU
	EndGlobalSection
	GlobalSection(SolutionProperties) = preSolution
		HideSolutionNode = FALSE
	EndGlobalSection
	GlobalSection(ExtensibilityGlobals) = postSolution
		SolutionGuid = {8C09C0D7-DFB4-4362-BCE4-23A192E97AA8}
	EndGlobalSection
EndGlobal
